
Microsoft Visual Studio Solution File, Format Version 12.00
# Visual Studio Version 17
VisualStudioVersion = 17.9.34622.214
MinimumVisualStudioVersion = 10.0.40219.1
Project("{FAE04EC0-301F-11D3-BF4B-00C04F79EFBC}") = "Sem8", "Sem8.csproj", "{580DD988-AB77-45FE-9A13-0A9B6D8898E1}"
EndProject
Global
	GlobalSection(SolutionConfigurationPlatforms) = preSolution
		Debug|Any CPU = Debug|Any CPU
		Release|Any CPU = Release|Any CPU
	EndGlobalSection
	GlobalSection(ProjectConfigurationPlatforms) = postSolution
		{580DD988-AB77-45FE-9A13-0A9B6D8898E1}.Debug|Any CPU.ActiveCfg = Debug|Any CPU
		{580DD988-AB77-45FE-9A13-0A9B6D8898E1}.Debug|Any CPU.Build.0 = Debug|Any CPU
		{580DD988-AB77-45FE-9A13-0A9B6D8898E1}.Release|Any CPU.ActiveCfg = Release|Any CPU
		{580DD988-AB77-45FE-9A13-0A9B6D8898E1}.Release|Any CPU.Build.0 = Release|Any CPU
	EndGlobalSection
	GlobalSection(SolutionProperties) = preSolution
		HideSolutionNode = FALSE
	EndGlobalSection
	GlobalSection(ExtensibilityGlobals) = postSolution
		SolutionGuid = {0055F041-B6BA-4BAB-B925-2E967333690D}
	EndGlobalSection
EndGlobal
